
Microsoft Visual Studio Solution File, Format Version 12.00
Project("{FAE04EC0-301F-11D3-BF4B-00C04F79EFBC}") = "MoqAspNetCoreExtension", "src\MoqAspNetCoreExtension\MoqAspNetCoreExtension.csproj", "{8DF08699-3716-42DD-AA3E-0C3D64C6C5C1}"
EndProject
Global
	GlobalSection(SolutionConfigurationPlatforms) = preSolution
		Debug|Any CPU = Debug|Any CPU
		Release|Any CPU = Release|Any CPU
	EndGlobalSection
	GlobalSection(ProjectConfigurationPlatforms) = postSolution
		{8DF08699-3716-42DD-AA3E-0C3D64C6C5C1}.Debug|Any CPU.ActiveCfg = Debug|Any CPU
		{8DF08699-3716-42DD-AA3E-0C3D64C6C5C1}.Debug|Any CPU.Build.0 = Debug|Any CPU
		{8DF08699-3716-42DD-AA3E-0C3D64C6C5C1}.Release|Any CPU.ActiveCfg = Release|Any CPU
		{8DF08699-3716-42DD-AA3E-0C3D64C6C5C1}.Release|Any CPU.Build.0 = Release|Any CPU
	EndGlobalSection
EndGlobal
